
Microsoft Visual Studio Solution File, Format Version 11.00
# Visual Studio 2010
Project("{FAE04EC0-301F-11D3-BF4B-00C04F79EFBC}") = "PSC", "PSC\PSC.csproj", "{255E8CC9-1D81-4740-8DEA-C546A3106171}"
EndProject
Global
	GlobalSection(SolutionConfigurationPlatforms) = preSolution
		Debug|Any CPU = Debug|Any CPU
		Release|Any CPU = Release|Any CPU
	EndGlobalSection
	GlobalSection(ProjectConfigurationPlatforms) = postSolution
		{255E8CC9-1D81-4740-8DEA-C546A3106171}.Debug|Any CPU.ActiveCfg = Debug|Any CPU
		{255E8CC9-1D81-4740-8DEA-C546A3106171}.Debug|Any CPU.Build.0 = Debug|Any CPU
		{255E8CC9-1D81-4740-8DEA-C546A3106171}.Release|Any CPU.ActiveCfg = Release|Any CPU
		{255E8CC9-1D81-4740-8DEA-C546A3106171}.Release|Any CPU.Build.0 = Release|Any CPU
	EndGlobalSection
	GlobalSection(SolutionProperties) = preSolution
		HideSolutionNode = FALSE
	EndGlobalSection
EndGlobal
